
Microsoft Visual Studio Solution File, Format Version 12.00
# Visual Studio Version 16
VisualStudioVersion = 16.0.29102.190
MinimumVisualStudioVersion = 10.0.40219.1
Project("{9A19103F-16F7-4668-BE54-9A1E7A4F7556}") = "Sneakify", "Sneakify\Sneakify.csproj", "{31B5A7A8-5359-4D37-8EA4-1145FAA13EC5}"
EndProject
Project("{9A19103F-16F7-4668-BE54-9A1E7A4F7556}") = "Sneakify.Cli", "Sneakify.Cli\Sneakify.Cli.csproj", "{77738FB7-8A21-4660-A2B5-15C67655C3B3}"
EndProject
Project("{9A19103F-16F7-4668-BE54-9A1E7A4F7556}") = "Tel.Egram.Services", "Tel.Egram.Services\Tel.Egram.Services.csproj", "{3BC4A864-BA60-410A-B006-A55A5E9D6C02}"
EndProject
Project("{FAE04EC0-301F-11D3-BF4B-00C04F79EFBC}") = "Sneakify.Common", "Sneakify.Common\Sneakify.Common.csproj", "{62A7F49A-EBA9-40F9-9A19-AF9890AB7020}"
EndProject
Global
	GlobalSection(SolutionConfigurationPlatforms) = preSolution
		Debug|Any CPU = Debug|Any CPU
		Release|Any CPU = Release|Any CPU
	EndGlobalSection
	GlobalSection(ProjectConfigurationPlatforms) = postSolution
		{31B5A7A8-5359-4D37-8EA4-1145FAA13EC5}.Debug|Any CPU.ActiveCfg = Debug|Any CPU
		{31B5A7A8-5359-4D37-8EA4-1145FAA13EC5}.Debug|Any CPU.Build.0 = Debug|Any CPU
		{31B5A7A8-5359-4D37-8EA4-1145FAA13EC5}.Release|Any CPU.ActiveCfg = Release|Any CPU
		{31B5A7A8-5359-4D37-8EA4-1145FAA13EC5}.Release|Any CPU.Build.0 = Release|Any CPU
		{77738FB7-8A21-4660-A2B5-15C67655C3B3}.Debug|Any CPU.ActiveCfg = Debug|Any CPU
		{77738FB7-8A21-4660-A2B5-15C67655C3B3}.Debug|Any CPU.Build.0 = Debug|Any CPU
		{77738FB7-8A21-4660-A2B5-15C67655C3B3}.Release|Any CPU.ActiveCfg = Release|Any CPU
		{77738FB7-8A21-4660-A2B5-15C67655C3B3}.Release|Any CPU.Build.0 = Release|Any CPU
		{3BC4A864-BA60-410A-B006-A55A5E9D6C02}.Debug|Any CPU.ActiveCfg = Debug|Any CPU
		{3BC4A864-BA60-410A-B006-A55A5E9D6C02}.Debug|Any CPU.Build.0 = Debug|Any CPU
		{3BC4A864-BA60-410A-B006-A55A5E9D6C02}.Release|Any CPU.ActiveCfg = Release|Any CPU
		{3BC4A864-BA60-410A-B006-A55A5E9D6C02}.Release|Any CPU.Build.0 = Release|Any CPU
		{62A7F49A-EBA9-40F9-9A19-AF9890AB7020}.Debug|Any CPU.ActiveCfg = Debug|Any CPU
		{62A7F49A-EBA9-40F9-9A19-AF9890AB7020}.Debug|Any CPU.Build.0 = Debug|Any CPU
		{62A7F49A-EBA9-40F9-9A19-AF9890AB7020}.Release|Any CPU.ActiveCfg = Release|Any CPU
		{62A7F49A-EBA9-40F9-9A19-AF9890AB7020}.Release|Any CPU.Build.0 = Release|Any CPU
	EndGlobalSection
	GlobalSection(SolutionProperties) = preSolution
		HideSolutionNode = FALSE
	EndGlobalSection
	GlobalSection(ExtensibilityGlobals) = postSolution
		SolutionGuid = {1131FE63-14D4-4367-AF47-8194C46999B5}
	EndGlobalSection
EndGlobal
